
Microsoft Visual Studio Solution File, Format Version 11.00
# Visual Studio 2010
Project("{FAE04EC0-301F-11D3-BF4B-00C04F79EFBC}") = "Assembly-CSharp", "Assembly-CSharp.csproj", "{BE909716-5AE9-A972-A0BF-676FEA3E2346}"
EndProject
Project("{FAE04EC0-301F-11D3-BF4B-00C04F79EFBC}") = "Assembly-CSharp-Editor", "Assembly-CSharp-Editor.csproj", "{FC7AFB54-207E-36B0-B63A-48403FEB3ACB}"
EndProject
Global
	GlobalSection(SolutionConfigurationPlatforms) = preSolution
		Debug|Any CPU = Debug|Any CPU
		Release|Any CPU = Release|Any CPU
	EndGlobalSection
	GlobalSection(ProjectConfigurationPlatforms) = postSolution
		{BE909716-5AE9-A972-A0BF-676FEA3E2346}.Debug|Any CPU.ActiveCfg = Debug|Any CPU
		{BE909716-5AE9-A972-A0BF-676FEA3E2346}.Debug|Any CPU.Build.0 = Debug|Any CPU
		{BE909716-5AE9-A972-A0BF-676FEA3E2346}.Release|Any CPU.ActiveCfg = Release|Any CPU
		{BE909716-5AE9-A972-A0BF-676FEA3E2346}.Release|Any CPU.Build.0 = Release|Any CPU
		{FC7AFB54-207E-36B0-B63A-48403FEB3ACB}.Debug|Any CPU.ActiveCfg = Debug|Any CPU
		{FC7AFB54-207E-36B0-B63A-48403FEB3ACB}.Debug|Any CPU.Build.0 = Debug|Any CPU
		{FC7AFB54-207E-36B0-B63A-48403FEB3ACB}.Release|Any CPU.ActiveCfg = Release|Any CPU
		{FC7AFB54-207E-36B0-B63A-48403FEB3ACB}.Release|Any CPU.Build.0 = Release|Any CPU
	EndGlobalSection
	GlobalSection(SolutionProperties) = preSolution
		HideSolutionNode = FALSE
	EndGlobalSection
	GlobalSection(MonoDevelopProperties) = preSolution
		StartupItem = Assembly-CSharp.csproj
	EndGlobalSection
EndGlobal
